
Microsoft Visual Studio Solution File, Format Version 12.00
# Visual Studio Version 16
VisualStudioVersion = 16.0.30225.117
MinimumVisualStudioVersion = 10.0.40219.1
Project("{FAE04EC0-301F-11D3-BF4B-00C04F79EFBC}") = "calc_pro_", "calc_pro_\calc_pro_.csproj", "{9403B157-0628-493F-9737-1272CA8E7079}"
EndProject
Global
	GlobalSection(SolutionConfigurationPlatforms) = preSolution
		Debug|Any CPU = Debug|Any CPU
		Release|Any CPU = Release|Any CPU
	EndGlobalSection
	GlobalSection(ProjectConfigurationPlatforms) = postSolution
		{9403B157-0628-493F-9737-1272CA8E7079}.Debug|Any CPU.ActiveCfg = Debug|Any CPU
		{9403B157-0628-493F-9737-1272CA8E7079}.Debug|Any CPU.Build.0 = Debug|Any CPU
		{9403B157-0628-493F-9737-1272CA8E7079}.Release|Any CPU.ActiveCfg = Release|Any CPU
		{9403B157-0628-493F-9737-1272CA8E7079}.Release|Any CPU.Build.0 = Release|Any CPU
	EndGlobalSection
	GlobalSection(SolutionProperties) = preSolution
		HideSolutionNode = FALSE
	EndGlobalSection
	GlobalSection(ExtensibilityGlobals) = postSolution
		SolutionGuid = {DD1B1FD5-733B-45E2-AB26-F8A9DC23558D}
	EndGlobalSection
EndGlobal
